
Microsoft Visual Studio Solution File, Format Version 12.00
# Visual Studio Version 16
VisualStudioVersion = 16.0.30709.132
MinimumVisualStudioVersion = 10.0.40219.1
Project("{9A19103F-16F7-4668-BE54-9A1E7A4F7556}") = "FarmControl.Domain", "FarmControl.Domain\FarmControl.Domain.csproj", "{5F64AD7A-1910-4D47-A71B-809FC4DE6670}"
EndProject
Project("{9A19103F-16F7-4668-BE54-9A1E7A4F7556}") = "FarmControl.Service", "FarmControl.Service\FarmControl.Service.csproj", "{D7A59236-ACAE-499D-864F-08B5C7DBD0E2}"
EndProject
Project("{9A19103F-16F7-4668-BE54-9A1E7A4F7556}") = "FarmControl.App", "FarmControl.App\FarmControl.App.csproj", "{C493BD6C-DF15-4D3A-B407-93E53929152B}"
EndProject
Project("{FAE04EC0-301F-11D3-BF4B-00C04F79EFBC}") = "FarmControl.Data", "FarmControl.Data\FarmControl.Data.csproj", "{B7E233B2-436E-4AF8-985F-C51356C74614}"
EndProject
Global
	GlobalSection(SolutionConfigurationPlatforms) = preSolution
		Debug|Any CPU = Debug|Any CPU
		Release|Any CPU = Release|Any CPU
	EndGlobalSection
	GlobalSection(ProjectConfigurationPlatforms) = postSolution
		{5F64AD7A-1910-4D47-A71B-809FC4DE6670}.Debug|Any CPU.ActiveCfg = Debug|Any CPU
		{5F64AD7A-1910-4D47-A71B-809FC4DE6670}.Debug|Any CPU.Build.0 = Debug|Any CPU
		{5F64AD7A-1910-4D47-A71B-809FC4DE6670}.Release|Any CPU.ActiveCfg = Release|Any CPU
		{5F64AD7A-1910-4D47-A71B-809FC4DE6670}.Release|Any CPU.Build.0 = Release|Any CPU
		{D7A59236-ACAE-499D-864F-08B5C7DBD0E2}.Debug|Any CPU.ActiveCfg = Debug|Any CPU
		{D7A59236-ACAE-499D-864F-08B5C7DBD0E2}.Debug|Any CPU.Build.0 = Debug|Any CPU
		{D7A59236-ACAE-499D-864F-08B5C7DBD0E2}.Release|Any CPU.ActiveCfg = Release|Any CPU
		{D7A59236-ACAE-499D-864F-08B5C7DBD0E2}.Release|Any CPU.Build.0 = Release|Any CPU
		{C493BD6C-DF15-4D3A-B407-93E53929152B}.Debug|Any CPU.ActiveCfg = Debug|Any CPU
		{C493BD6C-DF15-4D3A-B407-93E53929152B}.Debug|Any CPU.Build.0 = Debug|Any CPU
		{C493BD6C-DF15-4D3A-B407-93E53929152B}.Release|Any CPU.ActiveCfg = Release|Any CPU
		{C493BD6C-DF15-4D3A-B407-93E53929152B}.Release|Any CPU.Build.0 = Release|Any CPU
		{B7E233B2-436E-4AF8-985F-C51356C74614}.Debug|Any CPU.ActiveCfg = Debug|Any CPU
		{B7E233B2-436E-4AF8-985F-C51356C74614}.Debug|Any CPU.Build.0 = Debug|Any CPU
		{B7E233B2-436E-4AF8-985F-C51356C74614}.Release|Any CPU.ActiveCfg = Release|Any CPU
		{B7E233B2-436E-4AF8-985F-C51356C74614}.Release|Any CPU.Build.0 = Release|Any CPU
	EndGlobalSection
	GlobalSection(SolutionProperties) = preSolution
		HideSolutionNode = FALSE
	EndGlobalSection
	GlobalSection(ExtensibilityGlobals) = postSolution
		SolutionGuid = {686574E5-E31E-47C7-A42B-ED973C3E31FD}
	EndGlobalSection
EndGlobal
